
Microsoft Visual Studio Solution File, Format Version 12.00
# Visual Studio Version 17
VisualStudioVersion = 17.12.35527.113
MinimumVisualStudioVersion = 10.0.40219.1
Project("{FAE04EC0-301F-11D3-BF4B-00C04F79EFBC}") = "MiniERP.API", "Web\MiniERP.API\MiniERP.API.csproj", "{F581E085-1C97-42D3-BD38-8A0B22E12BD9}"
EndProject
Project("{FAE04EC0-301F-11D3-BF4B-00C04F79EFBC}") = "MiniERP.CrossCutting", "Core\MiniERP.CrossCutting\MiniERP.CrossCutting.csproj", "{F8A75484-2C42-4EBB-81C5-9939494D010E}"
EndProject
Project("{FAE04EC0-301F-11D3-BF4B-00C04F79EFBC}") = "MiniERP.Application", "Core\MiniERP.Data\MiniERP.Application.csproj", "{54DA0644-1678-412E-A31C-0A33EB47244C}"
EndProject
Project("{FAE04EC0-301F-11D3-BF4B-00C04F79EFBC}") = "MiniERP.Infra", "Core\MiniERP.Infra\MiniERP.Infra.csproj", "{FEE9DAB2-55E9-4EAC-BE44-C590D740111B}"
EndProject
Project("{FAE04EC0-301F-11D3-BF4B-00C04F79EFBC}") = "MiniERP.Domain", "Core\MiniERP.Domain\MiniERP.Domain.csproj", "{B6D283B2-4553-4DCE-82E8-7A8CB7B7D80A}"
EndProject
Global
	GlobalSection(SolutionConfigurationPlatforms) = preSolution
		Debug|Any CPU = Debug|Any CPU
		Release|Any CPU = Release|Any CPU
	EndGlobalSection
	GlobalSection(ProjectConfigurationPlatforms) = postSolution
		{F581E085-1C97-42D3-BD38-8A0B22E12BD9}.Debug|Any CPU.ActiveCfg = Debug|Any CPU
		{F581E085-1C97-42D3-BD38-8A0B22E12BD9}.Debug|Any CPU.Build.0 = Debug|Any CPU
		{F581E085-1C97-42D3-BD38-8A0B22E12BD9}.Release|Any CPU.ActiveCfg = Release|Any CPU
		{F581E085-1C97-42D3-BD38-8A0B22E12BD9}.Release|Any CPU.Build.0 = Release|Any CPU
		{F8A75484-2C42-4EBB-81C5-9939494D010E}.Debug|Any CPU.ActiveCfg = Debug|Any CPU
		{F8A75484-2C42-4EBB-81C5-9939494D010E}.Debug|Any CPU.Build.0 = Debug|Any CPU
		{F8A75484-2C42-4EBB-81C5-9939494D010E}.Release|Any CPU.ActiveCfg = Release|Any CPU
		{F8A75484-2C42-4EBB-81C5-9939494D010E}.Release|Any CPU.Build.0 = Release|Any CPU
		{54DA0644-1678-412E-A31C-0A33EB47244C}.Debug|Any CPU.ActiveCfg = Debug|Any CPU
		{54DA0644-1678-412E-A31C-0A33EB47244C}.Debug|Any CPU.Build.0 = Debug|Any CPU
		{54DA0644-1678-412E-A31C-0A33EB47244C}.Release|Any CPU.ActiveCfg = Release|Any CPU
		{54DA0644-1678-412E-A31C-0A33EB47244C}.Release|Any CPU.Build.0 = Release|Any CPU
		{FEE9DAB2-55E9-4EAC-BE44-C590D740111B}.Debug|Any CPU.ActiveCfg = Debug|Any CPU
		{FEE9DAB2-55E9-4EAC-BE44-C590D740111B}.Debug|Any CPU.Build.0 = Debug|Any CPU
		{FEE9DAB2-55E9-4EAC-BE44-C590D740111B}.Release|Any CPU.ActiveCfg = Release|Any CPU
		{FEE9DAB2-55E9-4EAC-BE44-C590D740111B}.Release|Any CPU.Build.0 = Release|Any CPU
		{B6D283B2-4553-4DCE-82E8-7A8CB7B7D80A}.Debug|Any CPU.ActiveCfg = Debug|Any CPU
		{B6D283B2-4553-4DCE-82E8-7A8CB7B7D80A}.Debug|Any CPU.Build.0 = Debug|Any CPU
		{B6D283B2-4553-4DCE-82E8-7A8CB7B7D80A}.Release|Any CPU.ActiveCfg = Release|Any CPU
		{B6D283B2-4553-4DCE-82E8-7A8CB7B7D80A}.Release|Any CPU.Build.0 = Release|Any CPU
	EndGlobalSection
	GlobalSection(SolutionProperties) = preSolution
		HideSolutionNode = FALSE
	EndGlobalSection
EndGlobal
